
Microsoft Visual Studio Solution File, Format Version 12.00
# Visual Studio Version 17
VisualStudioVersion = 17.5.33424.131
MinimumVisualStudioVersion = 10.0.40219.1
Project("{FAE04EC0-301F-11D3-BF4B-00C04F79EFBC}") = "Unit_18", "Unit_18\Unit_18.csproj", "{66FEEE37-D929-4789-A369-3ED80109E060}"
EndProject
Global
	GlobalSection(SolutionConfigurationPlatforms) = preSolution
		Debug|Any CPU = Debug|Any CPU
		Release|Any CPU = Release|Any CPU
	EndGlobalSection
	GlobalSection(ProjectConfigurationPlatforms) = postSolution
		{66FEEE37-D929-4789-A369-3ED80109E060}.Debug|Any CPU.ActiveCfg = Debug|Any CPU
		{66FEEE37-D929-4789-A369-3ED80109E060}.Debug|Any CPU.Build.0 = Debug|Any CPU
		{66FEEE37-D929-4789-A369-3ED80109E060}.Release|Any CPU.ActiveCfg = Release|Any CPU
		{66FEEE37-D929-4789-A369-3ED80109E060}.Release|Any CPU.Build.0 = Release|Any CPU
	EndGlobalSection
	GlobalSection(SolutionProperties) = preSolution
		HideSolutionNode = FALSE
	EndGlobalSection
	GlobalSection(ExtensibilityGlobals) = postSolution
		SolutionGuid = {6D01BD57-51F8-4EDF-8269-2F97FA500087}
	EndGlobalSection
EndGlobal
